{
  "name": "keyquestchallengeclientindex-tsx-mobile-build-1748993136193-21jvr780b",
  "version": "1.0.0",
  "lockfileVersion": 3,
  "requires": true,
  "packages": {
    "": {
      "name": "keyquestchallengeclientindex-tsx-mobile-build-1748993136193-21jvr780b",
      "version": "1.0.0",
      "dependencies": {
        "react": "^18.2.0",
        "react-dom": "^18.2.0",
        "@capacitor/core": "^5.5.1",
        "@capacitor/cli": "^5.5.1",
        "@capacitor/android": "^5.5.1",
        "@capacitor/ios": "^5.5.1"
      },
      "devDependencies": {
        "@types/react": "^18.0.0",
        "@types/react-dom": "^18.0.0",
        "@vitejs/plugin-react": "^4.0.0",
        "vite": "^4.4.0",
        "typescript": "^5.0.0"
      }
    }
  }
}